
Microsoft Visual Studio Solution File, Format Version 12.00
# Visual Studio 15
VisualStudioVersion = 15.0.27004.2002
MinimumVisualStudioVersion = 10.0.40219.1
Project("{D954291E-2A0B-460D-934E-DC6B0785DB48}") = "FYP", "FYP\FYP\FYP.shproj", "{3825BE98-1290-41BF-8088-9B8891E6D8C7}"
EndProject
Project("{FAE04EC0-301F-11D3-BF4B-00C04F79EFBC}") = "FYP.Android", "FYP\FYP.Android\FYP.Android.csproj", "{BE8C29C1-863C-4BA2-9EF5-D7AF780A10FA}"
EndProject
Project("{FAE04EC0-301F-11D3-BF4B-00C04F79EFBC}") = "FYP.iOS", "FYP\FYP.iOS\FYP.iOS.csproj", "{00751A27-7479-415B-9EF0-1174E17DCB89}"
EndProject
Project("{FAE04EC0-301F-11D3-BF4B-00C04F79EFBC}") = "FYP.UWP", "FYP\FYP.UWP\FYP.UWP.csproj", "{CCF194DC-0269-476B-93B6-E02091EA24EF}"
EndProject
Global
	GlobalSection(SharedMSBuildProjectFiles) = preSolution
		FYP\FYP\FYP.projitems*{00751a27-7479-415b-9ef0-1174e17dcb89}*SharedItemsImports = 4
		FYP\FYP\FYP.projitems*{3825be98-1290-41bf-8088-9b8891e6d8c7}*SharedItemsImports = 13
		FYP\FYP\FYP.projitems*{be8c29c1-863c-4ba2-9ef5-d7af780a10fa}*SharedItemsImports = 4
	EndGlobalSection
	GlobalSection(SolutionConfigurationPlatforms) = preSolution
		Ad-Hoc|Any CPU = Ad-Hoc|Any CPU
		Ad-Hoc|ARM = Ad-Hoc|ARM
		Ad-Hoc|iPhone = Ad-Hoc|iPhone
		Ad-Hoc|iPhoneSimulator = Ad-Hoc|iPhoneSimulator
		Ad-Hoc|x64 = Ad-Hoc|x64
		Ad-Hoc|x86 = Ad-Hoc|x86
		AppStore|Any CPU = AppStore|Any CPU
		AppStore|ARM = AppStore|ARM
		AppStore|iPhone = AppStore|iPhone
		AppStore|iPhoneSimulator = AppStore|iPhoneSimulator
		AppStore|x64 = AppStore|x64
		AppStore|x86 = AppStore|x86
		Debug|Any CPU = Debug|Any CPU
		Debug|ARM = Debug|ARM
		Debug|iPhone = Debug|iPhone
		Debug|iPhoneSimulator = Debug|iPhoneSimulator
		Debug|x64 = Debug|x64
		Debug|x86 = Debug|x86
		Release|Any CPU = Release|Any CPU
		Release|ARM = Release|ARM
		Release|iPhone = Release|iPhone
		Release|iPhoneSimulator = Release|iPhoneSimulator
		Release|x64 = Release|x64
		Release|x86 = Release|x86
	EndGlobalSection
	GlobalSection(ProjectConfigurationPlatforms) = postSolution
		{BE8C29C1-863C-4BA2-9EF5-D7AF780A10FA}.Ad-Hoc|Any CPU.ActiveCfg = Release|Any CPU
		{BE8C29C1-863C-4BA2-9EF5-D7AF780A10FA}.Ad-Hoc|Any CPU.Build.0 = Release|Any CPU
		{BE8C29C1-863C-4BA2-9EF5-D7AF780A10FA}.Ad-Hoc|Any CPU.Deploy.0 = Release|Any CPU
		{BE8C29C1-863C-4BA2-9EF5-D7AF780A10FA}.Ad-Hoc|ARM.ActiveCfg = Release|Any CPU
		{BE8C29C1-863C-4BA2-9EF5-D7AF780A10FA}.Ad-Hoc|ARM.Build.0 = Release|Any CPU
		{BE8C29C1-863C-4BA2-9EF5-D7AF780A10FA}.Ad-Hoc|ARM.Deploy.0 = Release|Any CPU
		{BE8C29C1-863C-4BA2-9EF5-D7AF780A10FA}.Ad-Hoc|iPhone.ActiveCfg = Release|Any CPU
		{BE8C29C1-863C-4BA2-9EF5-D7AF780A10FA}.Ad-Hoc|iPhone.Build.0 = Release|Any CPU
		{BE8C29C1-863C-4BA2-9EF5-D7AF780A10FA}.Ad-Hoc|iPhone.Deploy.0 = Release|Any CPU
		{BE8C29C1-863C-4BA2-9EF5-D7AF780A10FA}.Ad-Hoc|iPhoneSimulator.ActiveCfg = Release|Any CPU
		{BE8C29C1-863C-4BA2-9EF5-D7AF780A10FA}.Ad-Hoc|iPhoneSimulator.Build.0 = Release|Any CPU
		{BE8C29C1-863C-4BA2-9EF5-D7AF780A10FA}.Ad-Hoc|iPhoneSimulator.Deploy.0 = Release|Any CPU
		{BE8C29C1-863C-4BA2-9EF5-D7AF780A10FA}.Ad-Hoc|x64.ActiveCfg = Release|Any CPU
		{BE8C29C1-863C-4BA2-9EF5-D7AF780A10FA}.Ad-Hoc|x64.Build.0 = Release|Any CPU
		{BE8C29C1-863C-4BA2-9EF5-D7AF780A10FA}.Ad-Hoc|x64.Deploy.0 = Release|Any CPU
		{BE8C29C1-863C-4BA2-9EF5-D7AF780A10FA}.Ad-Hoc|x86.ActiveCfg = Release|Any CPU
		{BE8C29C1-863C-4BA2-9EF5-D7AF780A10FA}.Ad-Hoc|x86.Build.0 = Release|Any CPU
		{BE8C29C1-863C-4BA2-9EF5-D7AF780A10FA}.Ad-Hoc|x86.Deploy.0 = Release|Any CPU
		{BE8C29C1-863C-4BA2-9EF5-D7AF780A10FA}.AppStore|Any CPU.ActiveCfg = Release|Any CPU
		{BE8C29C1-863C-4BA2-9EF5-D7AF780A10FA}.AppStore|Any CPU.Build.0 = Release|Any CPU
		{BE8C29C1-863C-4BA2-9EF5-D7AF780A10FA}.AppStore|Any CPU.Deploy.0 = Release|Any CPU
		{BE8C29C1-863C-4BA2-9EF5-D7AF780A10FA}.AppStore|ARM.ActiveCfg = Release|Any CPU
		{BE8C29C1-863C-4BA2-9EF5-D7AF780A10FA}.AppStore|ARM.Build.0 = Release|Any CPU
		{BE8C29C1-863C-4BA2-9EF5-D7AF780A10FA}.AppStore|ARM.Deploy.0 = Release|Any CPU
		{BE8C29C1-863C-4BA2-9EF5-D7AF780A10FA}.AppStore|iPhone.ActiveCfg = Release|Any CPU
		{BE8C29C1-863C-4BA2-9EF5-D7AF780A10FA}.AppStore|iPhone.Build.0 = Release|Any CPU
		{BE8C29C1-863C-4BA2-9EF5-D7AF780A10FA}.AppStore|iPhone.Deploy.0 = Release|Any CPU
		{BE8C29C1-863C-4BA2-9EF5-D7AF780A10FA}.AppStore|iPhoneSimulator.ActiveCfg = Release|Any CPU
		{BE8C29C1-863C-4BA2-9EF5-D7AF780A10FA}.AppStore|iPhoneSimulator.Build.0 = Release|Any CPU
		{BE8C29C1-863C-4BA2-9EF5-D7AF780A10FA}.AppStore|iPhoneSimulator.Deploy.0 = Release|Any CPU
		{BE8C29C1-863C-4BA2-9EF5-D7AF780A10FA}.AppStore|x64.ActiveCfg = Release|Any CPU
		{BE8C29C1-863C-4BA2-9EF5-D7AF780A10FA}.AppStore|x64.Build.0 = Release|Any CPU
		{BE8C29C1-863C-4BA2-9EF5-D7AF780A10FA}.AppStore|x64.Deploy.0 = Release|Any CPU
		{BE8C29C1-863C-4BA2-9EF5-D7AF780A10FA}.AppStore|x86.ActiveCfg = Release|Any CPU
		{BE8C29C1-863C-4BA2-9EF5-D7AF780A10FA}.AppStore|x86.Build.0 = Release|Any CPU
		{BE8C29C1-863C-4BA2-9EF5-D7AF780A10FA}.AppStore|x86.Deploy.0 = Release|Any CPU
		{BE8C29C1-863C-4BA2-9EF5-D7AF780A10FA}.Debug|Any CPU.ActiveCfg = Debug|Any CPU
		{BE8C29C1-863C-4BA2-9EF5-D7AF780A10FA}.Debug|Any CPU.Build.0 = Debug|Any CPU
		{BE8C29C1-863C-4BA2-9EF5-D7AF780A10FA}.Debug|Any CPU.Deploy.0 = Debug|Any CPU
		{BE8C29C1-863C-4BA2-9EF5-D7AF780A10FA}.Debug|ARM.ActiveCfg = Debug|Any CPU
		{BE8C29C1-863C-4BA2-9EF5-D7AF780A10FA}.Debug|ARM.Build.0 = Debug|Any CPU
		{BE8C29C1-863C-4BA2-9EF5-D7AF780A10FA}.Debug|ARM.Deploy.0 = Debug|Any CPU
		{BE8C29C1-863C-4BA2-9EF5-D7AF780A10FA}.Debug|iPhone.ActiveCfg = Debug|Any CPU
		{BE8C29C1-863C-4BA2-9EF5-D7AF780A10FA}.Debug|iPhone.Build.0 = Debug|Any CPU
		{BE8C29C1-863C-4BA2-9EF5-D7AF780A10FA}.Debug|iPhone.Deploy.0 = Debug|Any CPU
		{BE8C29C1-863C-4BA2-9EF5-D7AF780A10FA}.Debug|iPhoneSimulator.ActiveCfg = Debug|Any CPU
		{BE8C29C1-863C-4BA2-9EF5-D7AF780A10FA}.Debug|iPhoneSimulator.Build.0 = Debug|Any CPU
		{BE8C29C1-863C-4BA2-9EF5-D7AF780A10FA}.Debug|iPhoneSimulator.Deploy.0 = Debug|Any CPU
		{BE8C29C1-863C-4BA2-9EF5-D7AF780A10FA}.Debug|x64.ActiveCfg = Debug|Any CPU
		{BE8C29C1-863C-4BA2-9EF5-D7AF780A10FA}.Debug|x64.Build.0 = Debug|Any CPU
		{BE8C29C1-863C-4BA2-9EF5-D7AF780A10FA}.Debug|x64.Deploy.0 = Debug|Any CPU
		{BE8C29C1-863C-4BA2-9EF5-D7AF780A10FA}.Debug|x86.ActiveCfg = Debug|Any CPU
		{BE8C29C1-863C-4BA2-9EF5-D7AF780A10FA}.Debug|x86.Build.0 = Debug|Any CPU
		{BE8C29C1-863C-4BA2-9EF5-D7AF780A10FA}.Debug|x86.Deploy.0 = Debug|Any CPU
		{BE8C29C1-863C-4BA2-9EF5-D7AF780A10FA}.Release|Any CPU.ActiveCfg = Release|Any CPU
		{BE8C29C1-863C-4BA2-9EF5-D7AF780A10FA}.Release|Any CPU.Build.0 = Release|Any CPU
		{BE8C29C1-863C-4BA2-9EF5-D7AF780A10FA}.Release|Any CPU.Deploy.0 = Release|Any CPU
		{BE8C29C1-863C-4BA2-9EF5-D7AF780A10FA}.Release|ARM.ActiveCfg = Release|Any CPU
		{BE8C29C1-863C-4BA2-9EF5-D7AF780A10FA}.Release|ARM.Build.0 = Release|Any CPU
		{BE8C29C1-863C-4BA2-9EF5-D7AF780A10FA}.Release|ARM.Deploy.0 = Release|Any CPU
		{BE8C29C1-863C-4BA2-9EF5-D7AF780A10FA}.Release|iPhone.ActiveCfg = Release|Any CPU
		{BE8C29C1-863C-4BA2-9EF5-D7AF780A10FA}.Release|iPhone.Build.0 = Release|Any CPU
		{BE8C29C1-863C-4BA2-9EF5-D7AF780A10FA}.Release|iPhone.Deploy.0 = Release|Any CPU
		{BE8C29C1-863C-4BA2-9EF5-D7AF780A10FA}.Release|iPhoneSimulator.ActiveCfg = Release|Any CPU
		{BE8C29C1-863C-4BA2-9EF5-D7AF780A10FA}.Release|iPhoneSimulator.Build.0 = Release|Any CPU
		{BE8C29C1-863C-4BA2-9EF5-D7AF780A10FA}.Release|iPhoneSimulator.Deploy.0 = Release|Any CPU
		{BE8C29C1-863C-4BA2-9EF5-D7AF780A10FA}.Release|x64.ActiveCfg = Release|Any CPU
		{BE8C29C1-863C-4BA2-9EF5-D7AF780A10FA}.Release|x64.Build.0 = Release|Any CPU
		{BE8C29C1-863C-4BA2-9EF5-D7AF780A10FA}.Release|x64.Deploy.0 = Release|Any CPU
		{BE8C29C1-863C-4BA2-9EF5-D7AF780A10FA}.Release|x86.ActiveCfg = Release|Any CPU
		{BE8C29C1-863C-4BA2-9EF5-D7AF780A10FA}.Release|x86.Build.0 = Release|Any CPU
		{BE8C29C1-863C-4BA2-9EF5-D7AF780A10FA}.Release|x86.Deploy.0 = Release|Any CPU
		{00751A27-7479-415B-9EF0-1174E17DCB89}.Ad-Hoc|Any CPU.ActiveCfg = Ad-Hoc|iPhoneSimulator
		{00751A27-7479-415B-9EF0-1174E17DCB89}.Ad-Hoc|ARM.ActiveCfg = Ad-Hoc|iPhone
		{00751A27-7479-415B-9EF0-1174E17DCB89}.Ad-Hoc|iPhone.ActiveCfg = Ad-Hoc|iPhone
		{00751A27-7479-415B-9EF0-1174E17DCB89}.Ad-Hoc|iPhone.Build.0 = Ad-Hoc|iPhone
		{00751A27-7479-415B-9EF0-1174E17DCB89}.Ad-Hoc|iPhoneSimulator.ActiveCfg = Ad-Hoc|iPhoneSimulator
		{00751A27-7479-415B-9EF0-1174E17DCB89}.Ad-Hoc|iPhoneSimulator.Build.0 = Ad-Hoc|iPhoneSimulator
		{00751A27-7479-415B-9EF0-1174E17DCB89}.Ad-Hoc|x64.ActiveCfg = Ad-Hoc|iPhone
		{00751A27-7479-415B-9EF0-1174E17DCB89}.Ad-Hoc|x86.ActiveCfg = Ad-Hoc|iPhone
		{00751A27-7479-415B-9EF0-1174E17DCB89}.AppStore|Any CPU.ActiveCfg = AppStore|iPhoneSimulator
		{00751A27-7479-415B-9EF0-1174E17DCB89}.AppStore|ARM.ActiveCfg = AppStore|iPhone
		{00751A27-7479-415B-9EF0-1174E17DCB89}.AppStore|iPhone.ActiveCfg = AppStore|iPhone
		{00751A27-7479-415B-9EF0-1174E17DCB89}.AppStore|iPhone.Build.0 = AppStore|iPhone
		{00751A27-7479-415B-9EF0-1174E17DCB89}.AppStore|iPhoneSimulator.ActiveCfg = AppStore|iPhoneSimulator
		{00751A27-7479-415B-9EF0-1174E17DCB89}.AppStore|iPhoneSimulator.Build.0 = AppStore|iPhoneSimulator
		{00751A27-7479-415B-9EF0-1174E17DCB89}.AppStore|x64.ActiveCfg = AppStore|iPhone
		{00751A27-7479-415B-9EF0-1174E17DCB89}.AppStore|x86.ActiveCfg = AppStore|iPhone
		{00751A27-7479-415B-9EF0-1174E17DCB89}.Debug|Any CPU.ActiveCfg = Debug|iPhoneSimulator
		{00751A27-7479-415B-9EF0-1174E17DCB89}.Debug|ARM.ActiveCfg = Debug|iPhone
		{00751A27-7479-415B-9EF0-1174E17DCB89}.Debug|iPhone.ActiveCfg = Debug|iPhone
		{00751A27-7479-415B-9EF0-1174E17DCB89}.Debug|iPhone.Build.0 = Debug|iPhone
		{00751A27-7479-415B-9EF0-1174E17DCB89}.Debug|iPhoneSimulator.ActiveCfg = Debug|iPhoneSimulator
		{00751A27-7479-415B-9EF0-1174E17DCB89}.Debug|iPhoneSimulator.Build.0 = Debug|iPhoneSimulator
		{00751A27-7479-415B-9EF0-1174E17DCB89}.Debug|x64.ActiveCfg = Debug|iPhone
		{00751A27-7479-415B-9EF0-1174E17DCB89}.Debug|x86.ActiveCfg = Debug|iPhone
		{00751A27-7479-415B-9EF0-1174E17DCB89}.Release|Any CPU.ActiveCfg = Release|iPhoneSimulator
		{00751A27-7479-415B-9EF0-1174E17DCB89}.Release|ARM.ActiveCfg = Release|iPhone
		{00751A27-7479-415B-9EF0-1174E17DCB89}.Release|iPhone.ActiveCfg = Release|iPhone
		{00751A27-7479-415B-9EF0-1174E17DCB89}.Release|iPhone.Build.0 = Release|iPhone
		{00751A27-7479-415B-9EF0-1174E17DCB89}.Release|iPhoneSimulator.ActiveCfg = Release|iPhoneSimulator
		{00751A27-7479-415B-9EF0-1174E17DCB89}.Release|iPhoneSimulator.Build.0 = Release|iPhoneSimulator
		{00751A27-7479-415B-9EF0-1174E17DCB89}.Release|x64.ActiveCfg = Release|iPhone
		{00751A27-7479-415B-9EF0-1174E17DCB89}.Release|x86.ActiveCfg = Release|iPhone
		{CCF194DC-0269-476B-93B6-E02091EA24EF}.Ad-Hoc|Any CPU.ActiveCfg = Release|x86
		{CCF194DC-0269-476B-93B6-E02091EA24EF}.Ad-Hoc|Any CPU.Build.0 = Release|x86
		{CCF194DC-0269-476B-93B6-E02091EA24EF}.Ad-Hoc|Any CPU.Deploy.0 = Release|x86
		{CCF194DC-0269-476B-93B6-E02091EA24EF}.Ad-Hoc|ARM.ActiveCfg = Release|ARM
		{CCF194DC-0269-476B-93B6-E02091EA24EF}.Ad-Hoc|ARM.Build.0 = Release|ARM
		{CCF194DC-0269-476B-93B6-E02091EA24EF}.Ad-Hoc|ARM.Deploy.0 = Release|ARM
		{CCF194DC-0269-476B-93B6-E02091EA24EF}.Ad-Hoc|iPhone.ActiveCfg = Release|x86
		{CCF194DC-0269-476B-93B6-E02091EA24EF}.Ad-Hoc|iPhone.Build.0 = Release|x86
		{CCF194DC-0269-476B-93B6-E02091EA24EF}.Ad-Hoc|iPhone.Deploy.0 = Release|x86
		{CCF194DC-0269-476B-93B6-E02091EA24EF}.Ad-Hoc|iPhoneSimulator.ActiveCfg = Release|x86
		{CCF194DC-0269-476B-93B6-E02091EA24EF}.Ad-Hoc|iPhoneSimulator.Build.0 = Release|x86
		{CCF194DC-0269-476B-93B6-E02091EA24EF}.Ad-Hoc|iPhoneSimulator.Deploy.0 = Release|x86
		{CCF194DC-0269-476B-93B6-E02091EA24EF}.Ad-Hoc|x64.ActiveCfg = Release|x64
		{CCF194DC-0269-476B-93B6-E02091EA24EF}.Ad-Hoc|x64.Build.0 = Release|x64
		{CCF194DC-0269-476B-93B6-E02091EA24EF}.Ad-Hoc|x64.Deploy.0 = Release|x64
		{CCF194DC-0269-476B-93B6-E02091EA24EF}.Ad-Hoc|x86.ActiveCfg = Release|x86
		{CCF194DC-0269-476B-93B6-E02091EA24EF}.Ad-Hoc|x86.Build.0 = Release|x86
		{CCF194DC-0269-476B-93B6-E02091EA24EF}.Ad-Hoc|x86.Deploy.0 = Release|x86
		{CCF194DC-0269-476B-93B6-E02091EA24EF}.AppStore|Any CPU.ActiveCfg = Release|x86
		{CCF194DC-0269-476B-93B6-E02091EA24EF}.AppStore|Any CPU.Build.0 = Release|x86
		{CCF194DC-0269-476B-93B6-E02091EA24EF}.AppStore|Any CPU.Deploy.0 = Release|x86
		{CCF194DC-0269-476B-93B6-E02091EA24EF}.AppStore|ARM.ActiveCfg = Release|ARM
		{CCF194DC-0269-476B-93B6-E02091EA24EF}.AppStore|ARM.Build.0 = Release|ARM
		{CCF194DC-0269-476B-93B6-E02091EA24EF}.AppStore|ARM.Deploy.0 = Release|ARM
		{CCF194DC-0269-476B-93B6-E02091EA24EF}.AppStore|iPhone.ActiveCfg = Release|x86
		{CCF194DC-0269-476B-93B6-E02091EA24EF}.AppStore|iPhone.Build.0 = Release|x86
		{CCF194DC-0269-476B-93B6-E02091EA24EF}.AppStore|iPhone.Deploy.0 = Release|x86
		{CCF194DC-0269-476B-93B6-E02091EA24EF}.AppStore|iPhoneSimulator.ActiveCfg = Release|x86
		{CCF194DC-0269-476B-93B6-E02091EA24EF}.AppStore|iPhoneSimulator.Build.0 = Release|x86
		{CCF194DC-0269-476B-93B6-E02091EA24EF}.AppStore|iPhoneSimulator.Deploy.0 = Release|x86
		{CCF194DC-0269-476B-93B6-E02091EA24EF}.AppStore|x64.ActiveCfg = Release|x64
		{CCF194DC-0269-476B-93B6-E02091EA24EF}.AppStore|x64.Build.0 = Release|x64
		{CCF194DC-0269-476B-93B6-E02091EA24EF}.AppStore|x64.Deploy.0 = Release|x64
		{CCF194DC-0269-476B-93B6-E02091EA24EF}.AppStore|x86.ActiveCfg = Release|x86
		{CCF194DC-0269-476B-93B6-E02091EA24EF}.AppStore|x86.Build.0 = Release|x86
		{CCF194DC-0269-476B-93B6-E02091EA24EF}.AppStore|x86.Deploy.0 = Release|x86
		{CCF194DC-0269-476B-93B6-E02091EA24EF}.Debug|Any CPU.ActiveCfg = Debug|x86
		{CCF194DC-0269-476B-93B6-E02091EA24EF}.Debug|ARM.ActiveCfg = Debug|ARM
		{CCF194DC-0269-476B-93B6-E02091EA24EF}.Debug|ARM.Build.0 = Debug|ARM
		{CCF194DC-0269-476B-93B6-E02091EA24EF}.Debug|ARM.Deploy.0 = Debug|ARM
		{CCF194DC-0269-476B-93B6-E02091EA24EF}.Debug|iPhone.ActiveCfg = Debug|x86
		{CCF194DC-0269-476B-93B6-E02091EA24EF}.Debug|iPhoneSimulator.ActiveCfg = Debug|x86
		{CCF194DC-0269-476B-93B6-E02091EA24EF}.Debug|x64.ActiveCfg = Debug|x64
		{CCF194DC-0269-476B-93B6-E02091EA24EF}.Debug|x64.Build.0 = Debug|x64
		{CCF194DC-0269-476B-93B6-E02091EA24EF}.Debug|x64.Deploy.0 = Debug|x64
		{CCF194DC-0269-476B-93B6-E02091EA24EF}.Debug|x86.ActiveCfg = Debug|x86
		{CCF194DC-0269-476B-93B6-E02091EA24EF}.Debug|x86.Build.0 = Debug|x86
		{CCF194DC-0269-476B-93B6-E02091EA24EF}.Debug|x86.Deploy.0 = Debug|x86
		{CCF194DC-0269-476B-93B6-E02091EA24EF}.Release|Any CPU.ActiveCfg = Release|x86
		{CCF194DC-0269-476B-93B6-E02091EA24EF}.Release|ARM.ActiveCfg = Release|ARM
		{CCF194DC-0269-476B-93B6-E02091EA24EF}.Release|ARM.Build.0 = Release|ARM
		{CCF194DC-0269-476B-93B6-E02091EA24EF}.Release|ARM.Deploy.0 = Release|ARM
		{CCF194DC-0269-476B-93B6-E02091EA24EF}.Release|iPhone.ActiveCfg = Release|x86
		{CCF194DC-0269-476B-93B6-E02091EA24EF}.Release|iPhoneSimulator.ActiveCfg = Release|x86
		{CCF194DC-0269-476B-93B6-E02091EA24EF}.Release|x64.ActiveCfg = Release|x64
		{CCF194DC-0269-476B-93B6-E02091EA24EF}.Release|x64.Build.0 = Release|x64
		{CCF194DC-0269-476B-93B6-E02091EA24EF}.Release|x64.Deploy.0 = Release|x64
		{CCF194DC-0269-476B-93B6-E02091EA24EF}.Release|x86.ActiveCfg = Release|x86
		{CCF194DC-0269-476B-93B6-E02091EA24EF}.Release|x86.Build.0 = Release|x86
		{CCF194DC-0269-476B-93B6-E02091EA24EF}.Release|x86.Deploy.0 = Release|x86
	EndGlobalSection
	GlobalSection(SolutionProperties) = preSolution
		HideSolutionNode = FALSE
	EndGlobalSection
	GlobalSection(ExtensibilityGlobals) = postSolution
		SolutionGuid = {11AE7FCE-6ED0-4698-9AA9-9C328BDA047B}
	EndGlobalSection
EndGlobal
